{
  "nodes": {
    "nixpkgs": {
      "locked": {
        "lastModified": 1627692022,
        "narHash": "sha256-C8EOif02hpY68MdJ4oHr3Tp0D/6HwnPWvhhwTPd1lXs=",
        "owner": "NixOS",
        "repo": "nixpkgs",
        "rev": "6463828755b6a03f6af7e549216bef837b03b3e1",
        "type": "github"
      },
      "original": {
        "owner": "NixOS",
        "repo": "nixpkgs",
        "type": "github"
      }
    },
    "root": {
      "inputs": {
        "nixpkgs": "nixpkgs"
      }
    }
  },
  "root": "root",
  "version": 7
}
